<Solution>
  <Folder Name="/aspire/">
    <Project Path="aspire/Webstore.API.AppHost/Webstore.API.AppHost.csproj" />
    <Project Path="aspire/Webstore.API.ServiceDefaults/Webstore.API.ServiceDefaults.csproj" />
  </Folder>
  <Folder Name="/server/">
    <Project Path="server/Webstore.API/Webstore.API.csproj" />
  </Folder>
</Solution>
