<Solution>
  <Folder Name="/aspire/">
    <Project Path="Webstore.API.AppHost/Webstore.API.AppHost.csproj" />
    <Project Path="Webstore.API.ServiceDefaults/Webstore.API.ServiceDefaults.csproj" />
  </Folder>
  <Folder Name="/src/">
    <Project Path="Webstore.API/Webstore.API.csproj" />
  </Folder>
</Solution>
